
Microsoft Visual Studio Solution File, Format Version 12.00
# Visual Studio Version 16
VisualStudioVersion = 16.0.31112.23
MinimumVisualStudioVersion = 10.0.40219.1
Project("{FAE04EC0-301F-11D3-BF4B-00C04F79EFBC}") = "Acrescentando mais unidades a um valor", "Acrescentando mais unidades a um valor\Acrescentando mais unidades a um valor.csproj", "{4F7412EA-9BF8-4180-B882-CCCF0C5754D5}"
EndProject
Global
	GlobalSection(SolutionConfigurationPlatforms) = preSolution
		Debug|Any CPU = Debug|Any CPU
		Release|Any CPU = Release|Any CPU
	EndGlobalSection
	GlobalSection(ProjectConfigurationPlatforms) = postSolution
		{4F7412EA-9BF8-4180-B882-CCCF0C5754D5}.Debug|Any CPU.ActiveCfg = Debug|Any CPU
		{4F7412EA-9BF8-4180-B882-CCCF0C5754D5}.Debug|Any CPU.Build.0 = Debug|Any CPU
		{4F7412EA-9BF8-4180-B882-CCCF0C5754D5}.Release|Any CPU.ActiveCfg = Release|Any CPU
		{4F7412EA-9BF8-4180-B882-CCCF0C5754D5}.Release|Any CPU.Build.0 = Release|Any CPU
	EndGlobalSection
	GlobalSection(SolutionProperties) = preSolution
		HideSolutionNode = FALSE
	EndGlobalSection
	GlobalSection(ExtensibilityGlobals) = postSolution
		SolutionGuid = {57EF28D7-0AA6-4180-B823-FA970ABBD1FF}
	EndGlobalSection
EndGlobal
