
Microsoft Visual Studio Solution File, Format Version 12.00
# Visual Studio Version 16
VisualStudioVersion = 16.0.31112.23
MinimumVisualStudioVersion = 10.0.40219.1
Project("{FAE04EC0-301F-11D3-BF4B-00C04F79EFBC}") = "Ex 009 - Número maior, menor ou igual 0", "Ex 009 - Número maior, menor ou igual 0\Ex 009 - Número maior, menor ou igual 0.csproj", "{3653BE96-EF81-4529-9E68-CBAA12770EC6}"
EndProject
Global
	GlobalSection(SolutionConfigurationPlatforms) = preSolution
		Debug|Any CPU = Debug|Any CPU
		Release|Any CPU = Release|Any CPU
	EndGlobalSection
	GlobalSection(ProjectConfigurationPlatforms) = postSolution
		{3653BE96-EF81-4529-9E68-CBAA12770EC6}.Debug|Any CPU.ActiveCfg = Debug|Any CPU
		{3653BE96-EF81-4529-9E68-CBAA12770EC6}.Debug|Any CPU.Build.0 = Debug|Any CPU
		{3653BE96-EF81-4529-9E68-CBAA12770EC6}.Release|Any CPU.ActiveCfg = Release|Any CPU
		{3653BE96-EF81-4529-9E68-CBAA12770EC6}.Release|Any CPU.Build.0 = Release|Any CPU
	EndGlobalSection
	GlobalSection(SolutionProperties) = preSolution
		HideSolutionNode = FALSE
	EndGlobalSection
	GlobalSection(ExtensibilityGlobals) = postSolution
		SolutionGuid = {D3CCCB82-DACA-4911-990B-07DBC27DCFE8}
	EndGlobalSection
EndGlobal
