
Microsoft Visual Studio Solution File, Format Version 12.00
# Visual Studio Version 16
VisualStudioVersion = 16.0.31702.278
MinimumVisualStudioVersion = 10.0.40219.1
Project("{FAE04EC0-301F-11D3-BF4B-00C04F79EFBC}") = "Ex 026 - Calcular a soma da diagonal principal", "Ex 026 - Calcular a soma da diagonal principal\Ex 026 - Calcular a soma da diagonal principal.csproj", "{4B99D9CF-CD1B-463E-8CAB-BE2F3919823F}"
EndProject
Global
	GlobalSection(SolutionConfigurationPlatforms) = preSolution
		Debug|Any CPU = Debug|Any CPU
		Release|Any CPU = Release|Any CPU
	EndGlobalSection
	GlobalSection(ProjectConfigurationPlatforms) = postSolution
		{4B99D9CF-CD1B-463E-8CAB-BE2F3919823F}.Debug|Any CPU.ActiveCfg = Debug|Any CPU
		{4B99D9CF-CD1B-463E-8CAB-BE2F3919823F}.Debug|Any CPU.Build.0 = Debug|Any CPU
		{4B99D9CF-CD1B-463E-8CAB-BE2F3919823F}.Release|Any CPU.ActiveCfg = Release|Any CPU
		{4B99D9CF-CD1B-463E-8CAB-BE2F3919823F}.Release|Any CPU.Build.0 = Release|Any CPU
	EndGlobalSection
	GlobalSection(SolutionProperties) = preSolution
		HideSolutionNode = FALSE
	EndGlobalSection
	GlobalSection(ExtensibilityGlobals) = postSolution
		SolutionGuid = {AED80BC7-F779-4119-9E3E-0DDF885DA12D}
	EndGlobalSection
EndGlobal
