
Microsoft Visual Studio Solution File, Format Version 12.00
# Visual Studio Version 16
VisualStudioVersion = 16.0.31702.278
MinimumVisualStudioVersion = 10.0.40219.1
Project("{FAE04EC0-301F-11D3-BF4B-00C04F79EFBC}") = "EX 013 - Solicitar a operação desejada", "EX 013 - Solicitar a operação desejada\EX 013 - Solicitar a operação desejada.csproj", "{BEB27F4C-B70F-4C57-B9D5-B9D2171E265F}"
EndProject
Global
	GlobalSection(SolutionConfigurationPlatforms) = preSolution
		Debug|Any CPU = Debug|Any CPU
		Release|Any CPU = Release|Any CPU
	EndGlobalSection
	GlobalSection(ProjectConfigurationPlatforms) = postSolution
		{BEB27F4C-B70F-4C57-B9D5-B9D2171E265F}.Debug|Any CPU.ActiveCfg = Debug|Any CPU
		{BEB27F4C-B70F-4C57-B9D5-B9D2171E265F}.Debug|Any CPU.Build.0 = Debug|Any CPU
		{BEB27F4C-B70F-4C57-B9D5-B9D2171E265F}.Release|Any CPU.ActiveCfg = Release|Any CPU
		{BEB27F4C-B70F-4C57-B9D5-B9D2171E265F}.Release|Any CPU.Build.0 = Release|Any CPU
	EndGlobalSection
	GlobalSection(SolutionProperties) = preSolution
		HideSolutionNode = FALSE
	EndGlobalSection
	GlobalSection(ExtensibilityGlobals) = postSolution
		SolutionGuid = {0436F06A-74B2-4A8F-8D25-93B721ECF02F}
	EndGlobalSection
EndGlobal
