
Microsoft Visual Studio Solution File, Format Version 12.00
# Visual Studio Version 16
VisualStudioVersion = 16.0.31702.278
MinimumVisualStudioVersion = 10.0.40219.1
Project("{FAE04EC0-301F-11D3-BF4B-00C04F79EFBC}") = "EX 012 + 001 - Solicitar a operação desejada", "EX 012 + 001 - Solicitar a operação desejada\EX 012 + 001 - Solicitar a operação desejada.csproj", "{EBC3FEF9-4B9A-4717-80AF-D0EE6EBAB68B}"
EndProject
Global
	GlobalSection(SolutionConfigurationPlatforms) = preSolution
		Debug|Any CPU = Debug|Any CPU
		Release|Any CPU = Release|Any CPU
	EndGlobalSection
	GlobalSection(ProjectConfigurationPlatforms) = postSolution
		{EBC3FEF9-4B9A-4717-80AF-D0EE6EBAB68B}.Debug|Any CPU.ActiveCfg = Debug|Any CPU
		{EBC3FEF9-4B9A-4717-80AF-D0EE6EBAB68B}.Debug|Any CPU.Build.0 = Debug|Any CPU
		{EBC3FEF9-4B9A-4717-80AF-D0EE6EBAB68B}.Release|Any CPU.ActiveCfg = Release|Any CPU
		{EBC3FEF9-4B9A-4717-80AF-D0EE6EBAB68B}.Release|Any CPU.Build.0 = Release|Any CPU
	EndGlobalSection
	GlobalSection(SolutionProperties) = preSolution
		HideSolutionNode = FALSE
	EndGlobalSection
	GlobalSection(ExtensibilityGlobals) = postSolution
		SolutionGuid = {BA8224B1-0321-48D1-B6C6-4365E891FBC9}
	EndGlobalSection
EndGlobal
