
Microsoft Visual Studio Solution File, Format Version 12.00
# Visual Studio Version 16
VisualStudioVersion = 16.0.31702.278
MinimumVisualStudioVersion = 10.0.40219.1
Project("{FAE04EC0-301F-11D3-BF4B-00C04F79EFBC}") = "Ex 023 - Descobrir a media entre 5 alunos", "Ex 023 - Descobrir a media entre 5 alunos\Ex 023 - Descobrir a media entre 5 alunos.csproj", "{3BFEC580-4679-47A8-8302-D2E1AA51D806}"
EndProject
Global
	GlobalSection(SolutionConfigurationPlatforms) = preSolution
		Debug|Any CPU = Debug|Any CPU
		Release|Any CPU = Release|Any CPU
	EndGlobalSection
	GlobalSection(ProjectConfigurationPlatforms) = postSolution
		{3BFEC580-4679-47A8-8302-D2E1AA51D806}.Debug|Any CPU.ActiveCfg = Debug|Any CPU
		{3BFEC580-4679-47A8-8302-D2E1AA51D806}.Debug|Any CPU.Build.0 = Debug|Any CPU
		{3BFEC580-4679-47A8-8302-D2E1AA51D806}.Release|Any CPU.ActiveCfg = Release|Any CPU
		{3BFEC580-4679-47A8-8302-D2E1AA51D806}.Release|Any CPU.Build.0 = Release|Any CPU
	EndGlobalSection
	GlobalSection(SolutionProperties) = preSolution
		HideSolutionNode = FALSE
	EndGlobalSection
	GlobalSection(ExtensibilityGlobals) = postSolution
		SolutionGuid = {7485BB9E-682F-48BD-A385-0BBCD7480064}
	EndGlobalSection
EndGlobal
