
Microsoft Visual Studio Solution File, Format Version 12.00
# Visual Studio Version 16
VisualStudioVersion = 16.0.31112.23
MinimumVisualStudioVersion = 10.0.40219.1
Project("{FAE04EC0-301F-11D3-BF4B-00C04F79EFBC}") = "Ex 006 - Número informado é Impar", "Ex 006 - Número informado é Impar\Ex 006 - Número informado é Impar.csproj", "{04B76315-5365-4F70-9A57-4E777C17A34E}"
EndProject
Global
	GlobalSection(SolutionConfigurationPlatforms) = preSolution
		Debug|Any CPU = Debug|Any CPU
		Release|Any CPU = Release|Any CPU
	EndGlobalSection
	GlobalSection(ProjectConfigurationPlatforms) = postSolution
		{04B76315-5365-4F70-9A57-4E777C17A34E}.Debug|Any CPU.ActiveCfg = Debug|Any CPU
		{04B76315-5365-4F70-9A57-4E777C17A34E}.Debug|Any CPU.Build.0 = Debug|Any CPU
		{04B76315-5365-4F70-9A57-4E777C17A34E}.Release|Any CPU.ActiveCfg = Release|Any CPU
		{04B76315-5365-4F70-9A57-4E777C17A34E}.Release|Any CPU.Build.0 = Release|Any CPU
	EndGlobalSection
	GlobalSection(SolutionProperties) = preSolution
		HideSolutionNode = FALSE
	EndGlobalSection
	GlobalSection(ExtensibilityGlobals) = postSolution
		SolutionGuid = {09A9B802-CB19-4966-A398-669DED534BBC}
	EndGlobalSection
EndGlobal
