
Microsoft Visual Studio Solution File, Format Version 12.00
# Visual Studio Version 16
VisualStudioVersion = 16.0.31112.23
MinimumVisualStudioVersion = 10.0.40219.1
Project("{FAE04EC0-301F-11D3-BF4B-00C04F79EFBC}") = "Ex 008 - Calcular o valor do bônus", "Ex 008 - Calcular o valor do bônus\Ex 008 - Calcular o valor do bônus.csproj", "{AD20435D-2B57-4FDE-84D1-9C4D752530DF}"
EndProject
Global
	GlobalSection(SolutionConfigurationPlatforms) = preSolution
		Debug|Any CPU = Debug|Any CPU
		Release|Any CPU = Release|Any CPU
	EndGlobalSection
	GlobalSection(ProjectConfigurationPlatforms) = postSolution
		{AD20435D-2B57-4FDE-84D1-9C4D752530DF}.Debug|Any CPU.ActiveCfg = Debug|Any CPU
		{AD20435D-2B57-4FDE-84D1-9C4D752530DF}.Debug|Any CPU.Build.0 = Debug|Any CPU
		{AD20435D-2B57-4FDE-84D1-9C4D752530DF}.Release|Any CPU.ActiveCfg = Release|Any CPU
		{AD20435D-2B57-4FDE-84D1-9C4D752530DF}.Release|Any CPU.Build.0 = Release|Any CPU
	EndGlobalSection
	GlobalSection(SolutionProperties) = preSolution
		HideSolutionNode = FALSE
	EndGlobalSection
	GlobalSection(ExtensibilityGlobals) = postSolution
		SolutionGuid = {B20EBCA0-84AA-4AB8-A953-6DD759E9A610}
	EndGlobalSection
EndGlobal
